github.com/kevinAlbs/dependency v1.1.0 h1:gfRU/BY71z31hfumaLZUVntPvoDEhNIKOE0n4JR/a6Y=
github.com/kevinAlbs/dependency v1.1.0/go.mod h1:egkgHs1stqsL3X2JvDEDdhPAa5AyqAiC8NrrSs4f15E=
github.com/kevinAlbs/library v1.0.1 h1:eKrWPmlV19vtvLCViVU2i2qn0Q7uZHbb2+3Auk1uzow=
github.com/kevinAlbs/library v1.0.1/go.mod h1:iWZcEbYnDOJF3Pzl9LVAENbphqeMpHOIwXg2lGJLS3I=
